
Microsoft Visual Studio Solution File, Format Version 12.00
# Visual Studio Version 16
VisualStudioVersion = 16.0.29709.97
MinimumVisualStudioVersion = 10.0.40219.1
Project("{FAE04EC0-301F-11D3-BF4B-00C04F79EFBC}") = "ReqResLog", "ReqResLog\ReqResLog.csproj", "{74D9E25E-A9C9-42F8-967D-47F05823933C}"
EndProject
Global
	GlobalSection(SolutionConfigurationPlatforms) = preSolution
		Debug|Any CPU = Debug|Any CPU
		Release|Any CPU = Release|Any CPU
	EndGlobalSection
	GlobalSection(ProjectConfigurationPlatforms) = postSolution
		{74D9E25E-A9C9-42F8-967D-47F05823933C}.Debug|Any CPU.ActiveCfg = Debug|Any CPU
		{74D9E25E-A9C9-42F8-967D-47F05823933C}.Debug|Any CPU.Build.0 = Debug|Any CPU
		{74D9E25E-A9C9-42F8-967D-47F05823933C}.Release|Any CPU.ActiveCfg = Release|Any CPU
		{74D9E25E-A9C9-42F8-967D-47F05823933C}.Release|Any CPU.Build.0 = Release|Any CPU
	EndGlobalSection
	GlobalSection(SolutionProperties) = preSolution
		HideSolutionNode = FALSE
	EndGlobalSection
	GlobalSection(ExtensibilityGlobals) = postSolution
		SolutionGuid = {89BFDCB0-FA9E-4AE0-BA70-0D5E3F8C943C}
	EndGlobalSection
EndGlobal
